// !$*UTF8*$!
{
	archiveVersion = 1;
	classes = {
	};
	objectVersion = 77;
	objects = {

/* Begin PBXBuildFile section */
		3A18B2FC2DB4048E0080A147 /* FirebaseAuth in Frameworks */ = {isa = PBXBuildFile; productRef = 3A18B2FB2DB4048E0080A147 /* FirebaseAuth */; };
		3A18B2FE2DB4048E0080A147 /* FirebaseAuthCombine-Community in Frameworks */ = {isa = PBXBuildFile; productRef = 3A18B2FD2DB4048E0080A147 /* FirebaseAuthCombine-Community */; };
		3A18B3002DB4278B0080A147 /* FirebaseFirestore in Frameworks */ = {isa = PBXBuildFile; productRef = 3A18B2FF2DB4278B0080A147 /* FirebaseFirestore */; };
/* End PBXBuildFile section */

/* Begin PBXContainerItemProxy section */
		3AF420F22DB1B20800E22D0D /* PBXContainerItemProxy */ = {
			isa = PBXContainerItemProxy;
			containerPortal = 3AF420DC2DB1B20500E22D0D /* Project object */;
			proxyType = 1;
			remoteGlobalIDString = 3AF420E32DB1B20500E22D0D;
			remoteInfo = Wellness;
		};
		3AF420FC2DB1B20800E22D0D /* PBXContainerItemProxy */ = {
			isa = PBXContainerItemProxy;
			containerPortal = 3AF420DC2DB1B20500E22D0D /* Project object */;
			proxyType = 1;
			remoteGlobalIDString = 3AF420E32DB1B20500E22D0D;
			remoteInfo = Wellness;
		};
/* End PBXContainerItemProxy section */

/* Begin PBXFileReference section */
		3AF420E42DB1B20500E22D0D /* Wellness.app */ = {isa = PBXFileReference; explicitFileType = wrapper.application; includeInIndex = 0; path = Wellness.app; sourceTree = BUILT_PRODUCTS_DIR; };
		3AF420F12DB1B20800E22D0D /* WellnessTests.xctest */ = {isa = PBXFileReference; explicitFileType = wrapper.cfbundle; includeInIndex = 0; path = WellnessTests.xctest; sourceTree = BUILT_PRODUCTS_DIR; };
		3AF420FB2DB1B20800E22D0D /* WellnessUITests.xctest */ = {isa = PBXFileReference; explicitFileType = wrapper.cfbundle; includeInIndex = 0; path = WellnessUITests.xctest; sourceTree = BUILT_PRODUCTS_DIR; };
/* End PBXFileReference section */

/* Begin PBXFileSystemSynchronizedRootGroup section */
		3AF420E62DB1B20500E22D0D /* Wellness */ = {
			isa = PBXFileSystemSynchronizedRootGroup;
			path = Wellness;
			sourceTree = "<group>";
		};
		3AF420F42DB1B20800E22D0D /* WellnessTests */ = {
			isa = PBXFileSystemSynchronizedRootGroup;
			path = WellnessTests;
			sourceTree = "<group>";
		};
		3AF420FE2DB1B20800E22D0D /* WellnessUITests */ = {
			isa = PBXFileSystemSynchronizedRootGroup;
			path = WellnessUITests;
			sourceTree = "<group>";
		};
/* End PBXFileSystemSynchronizedRootGroup section */

/* Begin PBXFrameworksBuildPhase section */
		3AF420E12DB1B20500E22D0D /* Frameworks */ = {
			isa = PBXFrameworksBuildPhase;
			buildActionMask = 2147483647;
			files = (
				3A18B2FC2DB4048E0080A147 /* FirebaseAuth in Frameworks */,
				3A18B2FE2DB4048E0080A147 /* FirebaseAuthCombine-Community in Frameworks */,
				3A18B3002DB4278B0080A147 /* FirebaseFirestore in Frameworks */,
			);
			runOnlyForDeploymentPostprocessing = 0;
		};
		3AF420EE2DB1B20800E22D0D /* Frameworks */ = {
			isa = PBXFrameworksBuildPhase;
			buildActionMask = 2147483647;
			files = (
			);
			runOnlyForDeploymentPostprocessing = 0;
		};
		3AF420F82DB1B20800E22D0D /* Frameworks */ = {
			isa = PBXFrameworksBuildPhase;
			buildActionMask = 2147483647;
			files = (
			);
			runOnlyForDeploymentPostprocessing = 0;
		};
/* End PBXFrameworksBuildPhase section */

/* Begin PBXGroup section */
		3AF420DB2DB1B20500E22D0D = {
			isa = PBXGroup;
			children = (
				3AF420E62DB1B20500E22D0D /* Wellness */,
				3AF420F42DB1B20800E22D0D /* WellnessTests */,
				3AF420FE2DB1B20800E22D0D /* WellnessUITests */,
				3AF420E52DB1B20500E22D0D /* Products */,
			);
			sourceTree = "<group>";
		};
		3AF420E52DB1B20500E22D0D /* Products */ = {
			isa = PBXGroup;
			children = (
				3AF420E42DB1B20500E22D0D /* Wellness.app */,
				3AF420F12DB1B20800E22D0D /* WellnessTests.xctest */,
				3AF420FB2DB1B20800E22D0D /* WellnessUITests.xctest */,
			);
			name = Products;
			sourceTree = "<group>";
		};
/* End PBXGroup section */

/* Begin PBXNativeTarget section */
		3AF420E32DB1B20500E22D0D /* Wellness */ = {
			isa = PBXNativeTarget;
			buildConfigurationList = 3AF421052DB1B20800E22D0D /* Build configuration list for PBXNativeTarget "Wellness" */;
			buildPhases = (
				3AF420E02DB1B20500E22D0D /* Sources */,
				3AF420E12DB1B20500E22D0D /* Frameworks */,
				3AF420E22DB1B20500E22D0D /* Resources */,
			);
			buildRules = (
			);
			dependencies = (
			);
			fileSystemSynchronizedGroups = (
				3AF420E62DB1B20500E22D0D /* Wellness */,
			);
			name = Wellness;
			packageProductDependencies = (
				3A18B2FB2DB4048E0080A147 /* FirebaseAuth */,
				3A18B2FD2DB4048E0080A147 /* FirebaseAuthCombine-Community */,
				3A18B2FF2DB4278B0080A147 /* FirebaseFirestore */,
			);
			productName = Wellness;
			productReference = 3AF420E42DB1B20500E22D0D /* Wellness.app */;
			productType = "com.apple.product-type.application";
		};
		3AF420F02DB1B20800E22D0D /* WellnessTests */ = {
			isa = PBXNativeTarget;
			buildConfigurationList = 3AF421082DB1B20800E22D0D /* Build configuration list for PBXNativeTarget "WellnessTests" */;
			buildPhases = (
				3AF420ED2DB1B20800E22D0D /* Sources */,
				3AF420EE2DB1B20800E22D0D /* Frameworks */,
				3AF420EF2DB1B20800E22D0D /* Resources */,
			);
			buildRules = (
			);
			dependencies = (
				3AF420F32DB1B20800E22D0D /* PBXTargetDependency */,
			);
			fileSystemSynchronizedGroups = (
				3AF420F42DB1B20800E22D0D /* WellnessTests */,
			);
			name = WellnessTests;
			packageProductDependencies = (
			);
			productName = WellnessTests;
			productReference = 3AF420F12DB1B20800E22D0D /* WellnessTests.xctest */;
			productType = "com.apple.product-type.bundle.unit-test";
		};
		3AF420FA2DB1B20800E22D0D /* WellnessUITests */ = {
			isa = PBXNativeTarget;
			buildConfigurationList = 3AF4210B2DB1B20800E22D0D /* Build configuration list for PBXNativeTarget "WellnessUITests" */;
			buildPhases = (
				3AF420F72DB1B20800E22D0D /* Sources */,
				3AF420F82DB1B20800E22D0D /* Frameworks */,
				3AF420F92DB1B20800E22D0D /* Resources */,
			);
			buildRules = (
			);
			dependencies = (
				3AF420FD2DB1B20800E22D0D /* PBXTargetDependency */,
			);
			fileSystemSynchronizedGroups = (
				3AF420FE2DB1B20800E22D0D /* WellnessUITests */,
			);
			name = WellnessUITests;
			packageProductDependencies = (
			);
			productName = WellnessUITests;
			productReference = 3AF420FB2DB1B20800E22D0D /* WellnessUITests.xctest */;
			productType = "com.apple.product-type.bundle.ui-testing";
		};
/* End PBXNativeTarget section */

/* Begin PBXProject section */
		3AF420DC2DB1B20500E22D0D /* Project object */ = {
			isa = PBXProject;
			attributes = {
				BuildIndependentTargetsInParallel = 1;
				LastSwiftUpdateCheck = 1630;
				LastUpgradeCheck = 1630;
				TargetAttributes = {
					3AF420E32DB1B20500E22D0D = {
						CreatedOnToolsVersion = 16.3;
					};
					3AF420F02DB1B20800E22D0D = {
						CreatedOnToolsVersion = 16.3;
						TestTargetID = 3AF420E32DB1B20500E22D0D;
					};
					3AF420FA2DB1B20800E22D0D = {
						CreatedOnToolsVersion = 16.3;
						TestTargetID = 3AF420E32DB1B20500E22D0D;
					};
				};
			};
			buildConfigurationList = 3AF420DF2DB1B20500E22D0D /* Build configuration list for PBXProject "Wellness" */;
			developmentRegion = en;
			hasScannedForEncodings = 0;
			knownRegions = (
				en,
				Base,
			);
			mainGroup = 3AF420DB2DB1B20500E22D0D;
			minimizedProjectReferenceProxies = 1;
			packageReferences = (
				3A18B2FA2DB4048E0080A147 /* XCRemoteSwiftPackageReference "firebase-ios-sdk" */,
			);
			preferredProjectObjectVersion = 77;
			productRefGroup = 3AF420E52DB1B20500E22D0D /* Products */;
			projectDirPath = "";
			projectRoot = "";
			targets = (
				3AF420E32DB1B20500E22D0D /* Wellness */,
				3AF420F02DB1B20800E22D0D /* WellnessTests */,
				3AF420FA2DB1B20800E22D0D /* WellnessUITests */,
			);
		};
/* End PBXProject section */

/* Begin PBXResourcesBuildPhase section */
		3AF420E22DB1B20500E22D0D /* Resources */ = {
			isa = PBXResourcesBuildPhase;
			buildActionMask = 2147483647;
			files = (
			);
			runOnlyForDeploymentPostprocessing = 0;
		};
		3AF420EF2DB1B20800E22D0D /* Resources */ = {
			isa = PBXResourcesBuildPhase;
			buildActionMask = 2147483647;
			files = (
			);
			runOnlyForDeploymentPostprocessing = 0;
		};
		3AF420F92DB1B20800E22D0D /* Resources */ = {
			isa = PBXResourcesBuildPhase;
			buildActionMask = 2147483647;
			files = (
			);
			runOnlyForDeploymentPostprocessing = 0;
		};
/* End PBXResourcesBuildPhase section */

/* Begin PBXSourcesBuildPhase section */
		3AF420E02DB1B20500E22D0D /* Sources */ = {
			isa = PBXSourcesBuildPhase;
			buildActionMask = 2147483647;
			files = (
			);
			runOnlyForDeploymentPostprocessing = 0;
		};
		3AF420ED2DB1B20800E22D0D /* Sources */ = {
			isa = PBXSourcesBuildPhase;
			buildActionMask = 2147483647;
			files = (
			);
			runOnlyForDeploymentPostprocessing = 0;
		};
		3AF420F72DB1B20800E22D0D /* Sources */ = {
			isa = PBXSourcesBuildPhase;
			buildActionMask = 2147483647;
			files = (
			);
			runOnlyForDeploymentPostprocessing = 0;
		};
/* End PBXSourcesBuildPhase section */

/* Begin PBXTargetDependency section */
		3AF420F32DB1B20800E22D0D /* PBXTargetDependency */ = {
			isa = PBXTargetDependency;
			target = 3AF420E32DB1B20500E22D0D /* Wellness */;
			targetProxy = 3AF420F22DB1B20800E22D0D /* PBXContainerItemProxy */;
		};
		3AF420FD2DB1B20800E22D0D /* PBXTargetDependency */ = {
			isa = PBXTargetDependency;
			target = 3AF420E32DB1B20500E22D0D /* Wellness */;
			targetProxy = 3AF420FC2DB1B20800E22D0D /* PBXContainerItemProxy */;
		};
/* End PBXTargetDependency section */

/* Begin XCBuildConfiguration section */
		3AF421032DB1B20800E22D0D /* Debug */ = {
			isa = XCBuildConfiguration;
			buildSettings = {
				ALWAYS_SEARCH_USER_PATHS = NO;
				ASSETCATALOG_COMPILER_GENERATE_SWIFT_ASSET_SYMBOL_EXTENSIONS = YES;
				CLANG_ANALYZER_NONNULL = YES;
				CLANG_ANALYZER_NUMBER_OBJECT_CONVERSION = YES_AGGRESSIVE;
				CLANG_CXX_LANGUAGE_STANDARD = "gnu++20";
				CLANG_ENABLE_MODULES = YES;
				CLANG_ENABLE_OBJC_ARC = YES;
				CLANG_ENABLE_OBJC_WEAK = YES;
				CLANG_WARN_BLOCK_CAPTURE_AUTORELEASING = YES;
				CLANG_WARN_BOOL_CONVERSION = YES;
				CLANG_WARN_COMMA = YES;
				CLANG_WARN_CONSTANT_CONVERSION = YES;
				CLANG_WARN_DEPRECATED_OBJC_IMPLEMENTATIONS = YES;
				CLANG_WARN_DIRECT_OBJC_ISA_USAGE = YES_ERROR;
				CLANG_WARN_DOCUMENTATION_COMMENTS = YES;
				CLANG_WARN_EMPTY_BODY = YES;
				CLANG_WARN_ENUM_CONVERSION = YES;
				CLANG_WARN_INFINITE_RECURSION = YES;
				CLANG_WARN_INT_CONVERSION = YES;
				CLANG_WARN_NON_LITERAL_NULL_CONVERSION = YES;
				CLANG_WARN_OBJC_IMPLICIT_RETAIN_SELF = YES;
				CLANG_WARN_OBJC_LITERAL_CONVERSION = YES;
				CLANG_WARN_OBJC_ROOT_CLASS = YES_ERROR;
				CLANG_WARN_QUOTED_INCLUDE_IN_FRAMEWORK_HEADER = YES;
				CLANG_WARN_RANGE_LOOP_ANALYSIS = YES;
				CLANG_WARN_STRICT_PROTOTYPES = YES;
				CLANG_WARN_SUSPICIOUS_MOVE = YES;
				CLANG_WARN_UNGUARDED_AVAILABILITY = YES_AGGRESSIVE;
				CLANG_WARN_UNREACHABLE_CODE = YES;
				CLANG_WARN__DUPLICATE_METHOD_MATCH = YES;
				COPY_PHASE_STRIP = NO;
				DEBUG_INFORMATION_FORMAT = dwarf;
				DEVELOPMENT_TEAM = WXZSN2D386;
				ENABLE_STRICT_OBJC_MSGSEND = YES;
				ENABLE_TESTABILITY = YES;
				ENABLE_USER_SCRIPT_SANDBOXING = YES;
				GCC_C_LANGUAGE_STANDARD = gnu17;
				GCC_DYNAMIC_NO_PIC = NO;
				GCC_NO_COMMON_BLOCKS = YES;
				GCC_OPTIMIZATION_LEVEL = 0;
				GCC_PREPROCESSOR_DEFINITIONS = (
					"DEBUG=1",
					"$(inherited)",
				);
				GCC_WARN_64_TO_32_BIT_CONVERSION = YES;
				GCC_WARN_ABOUT_RETURN_TYPE = YES_ERROR;
				GCC_WARN_UNDECLARED_SELECTOR = YES;
				GCC_WARN_UNINITIALIZED_AUTOS = YES_AGGRESSIVE;
				GCC_WARN_UNUSED_FUNCTION = YES;
				GCC_WARN_UNUSED_VARIABLE = YES;
				IPHONEOS_DEPLOYMENT_TARGET = 18.4;
				LOCALIZATION_PREFERS_STRING_CATALOGS = YES;
				MTL_ENABLE_DEBUG_INFO = INCLUDE_SOURCE;
				MTL_FAST_MATH = YES;
				ONLY_ACTIVE_ARCH = YES;
				SDKROOT = iphoneos;
				SWIFT_ACTIVE_COMPILATION_CONDITIONS = "DEBUG $(inherited)";
				SWIFT_OPTIMIZATION_LEVEL = "-Onone";
			};
			name = Debug;
		};
		3AF421042DB1B20800E22D0D /* Release */ = {
			isa = XCBuildConfiguration;
			buildSettings = {
				ALWAYS_SEARCH_USER_PATHS = NO;
				ASSETCATALOG_COMPILER_GENERATE_SWIFT_ASSET_SYMBOL_EXTENSIONS = YES;
				CLANG_ANALYZER_NONNULL = YES;
				CLANG_ANALYZER_NUMBER_OBJECT_CONVERSION = YES_AGGRESSIVE;
				CLANG_CXX_LANGUAGE_STANDARD = "gnu++20";
				CLANG_ENABLE_MODULES = YES;
				CLANG_ENABLE_OBJC_ARC = YES;
				CLANG_ENABLE_OBJC_WEAK = YES;
				CLANG_WARN_BLOCK_CAPTURE_AUTORELEASING = YES;
				CLANG_WARN_BOOL_CONVERSION = YES;
				CLANG_WARN_COMMA = YES;
				CLANG_WARN_CONSTANT_CONVERSION = YES;
				CLANG_WARN_DEPRECATED_OBJC_IMPLEMENTATIONS = YES;
				CLANG_WARN_DIRECT_OBJC_ISA_USAGE = YES_ERROR;
				CLANG_WARN_DOCUMENTATION_COMMENTS = YES;
				CLANG_WARN_EMPTY_BODY = YES;
				CLANG_WARN_ENUM_CONVERSION = YES;
				CLANG_WARN_INFINITE_RECURSION = YES;
				CLANG_WARN_INT_CONVERSION = YES;
				CLANG_WARN_NON_LITERAL_NULL_CONVERSION = YES;
				CLANG_WARN_OBJC_IMPLICIT_RETAIN_SELF = YES;
				CLANG_WARN_OBJC_LITERAL_CONVERSION = YES;
				CLANG_WARN_OBJC_ROOT_CLASS = YES_ERROR;
				CLANG_WARN_QUOTED_INCLUDE_IN_FRAMEWORK_HEADER = YES;
				CLANG_WARN_RANGE_LOOP_ANALYSIS = YES;
				CLANG_WARN_STRICT_PROTOTYPES = YES;
				CLANG_WARN_SUSPICIOUS_MOVE = YES;
				CLANG_WARN_UNGUARDED_AVAILABILITY = YES_AGGRESSIVE;
				CLANG_WARN_UNREACHABLE_CODE = YES;
				CLANG_WARN__DUPLICATE_METHOD_MATCH = YES;
				COPY_PHASE_STRIP = NO;
				DEBUG_INFORMATION_FORMAT = "dwarf-with-dsym";
				DEVELOPMENT_TEAM = WXZSN2D386;
				ENABLE_NS_ASSERTIONS = NO;
				ENABLE_STRICT_OBJC_MSGSEND = YES;
				ENABLE_USER_SCRIPT_SANDBOXING = YES;
				GCC_C_LANGUAGE_STANDARD = gnu17;
				GCC_NO_COMMON_BLOCKS = YES;
				GCC_WARN_64_TO_32_BIT_CONVERSION = YES;
				GCC_WARN_ABOUT_RETURN_TYPE = YES_ERROR;
				GCC_WARN_UNDECLARED_SELECTOR = YES;
				GCC_WARN_UNINITIALIZED_AUTOS = YES_AGGRESSIVE;
				GCC_WARN_UNUSED_FUNCTION = YES;
				GCC_WARN_UNUSED_VARIABLE = YES;
				IPHONEOS_DEPLOYMENT_TARGET = 18.4;
				LOCALIZATION_PREFERS_STRING_CATALOGS = YES;
				MTL_ENABLE_DEBUG_INFO = NO;
				MTL_FAST_MATH = YES;
				SDKROOT = iphoneos;
				SWIFT_COMPILATION_MODE = wholemodule;
				VALIDATE_PRODUCT = YES;
			};
			name = Release;
		};
		3AF421062DB1B20800E22D0D /* Debug */ = {
			isa = XCBuildConfiguration;
			buildSettings = {
				ASSETCATALOG_COMPILER_APPICON_NAME = AppIcon;
				ASSETCATALOG_COMPILER_GLOBAL_ACCENT_COLOR_NAME = AccentColor;
				CODE_SIGN_STYLE = Automatic;
				CURRENT_PROJECT_VERSION = 1;
				DEVELOPMENT_TEAM = WXZSN2D386;
				ENABLE_PREVIEWS = YES;
				GENERATE_INFOPLIST_FILE = YES;
				INFOPLIST_KEY_UIApplicationSceneManifest_Generation = YES;
				INFOPLIST_KEY_UIApplicationSupportsIndirectInputEvents = YES;
				INFOPLIST_KEY_UILaunchScreen_Generation = YES;
				INFOPLIST_KEY_UISupportedInterfaceOrientations = UIInterfaceOrientationPortrait;
				LD_RUNPATH_SEARCH_PATHS = (
					"$(inherited)",
					"@executable_path/Frameworks",
				);
				MARKETING_VERSION = 1.0;
				PRODUCT_BUNDLE_IDENTIFIER = com.example.AA.Wellness;
				PRODUCT_NAME = "$(TARGET_NAME)";
				SWIFT_EMIT_LOC_STRINGS = YES;
				SWIFT_VERSION = 5.0;
				TARGETED_DEVICE_FAMILY = "1,2";
			};
			name = Debug;
		};
		3AF421072DB1B20800E22D0D /* Release */ = {
			isa = XCBuildConfiguration;
			buildSettings = {
				ASSETCATALOG_COMPILER_APPICON_NAME = AppIcon;
				ASSETCATALOG_COMPILER_GLOBAL_ACCENT_COLOR_NAME = AccentColor;
				CODE_SIGN_STYLE = Automatic;
				CURRENT_PROJECT_VERSION = 1;
				DEVELOPMENT_TEAM = WXZSN2D386;
				ENABLE_PREVIEWS = YES;
				GENERATE_INFOPLIST_FILE = YES;
				INFOPLIST_KEY_UIApplicationSceneManifest_Generation = YES;
				INFOPLIST_KEY_UIApplicationSupportsIndirectInputEvents = YES;
				INFOPLIST_KEY_UILaunchScreen_Generation = YES;
				INFOPLIST_KEY_UISupportedInterfaceOrientations = UIInterfaceOrientationPortrait;
				LD_RUNPATH_SEARCH_PATHS = (
					"$(inherited)",
					"@executable_path/Frameworks",
				);
				MARKETING_VERSION = 1.0;
				PRODUCT_BUNDLE_IDENTIFIER = com.example.AA.Wellness;
				PRODUCT_NAME = "$(TARGET_NAME)";
				SWIFT_EMIT_LOC_STRINGS = YES;
				SWIFT_VERSION = 5.0;
				TARGETED_DEVICE_FAMILY = "1,2";
			};
			name = Release;
		};
		3AF421092DB1B20800E22D0D /* Debug */ = {
			isa = XCBuildConfiguration;
			buildSettings = {
				BUNDLE_LOADER = "$(TEST_HOST)";
				CODE_SIGN_STYLE = Automatic;
				CURRENT_PROJECT_VERSION = 1;
				DEVELOPMENT_TEAM = WXZSN2D386;
				GENERATE_INFOPLIST_FILE = YES;
				IPHONEOS_DEPLOYMENT_TARGET = 18.4;
				MARKETING_VERSION = 1.0;
				PRODUCT_BUNDLE_IDENTIFIER = com.example.AA.WellnessTests;
				PRODUCT_NAME = "$(TARGET_NAME)";
				SWIFT_EMIT_LOC_STRINGS = NO;
				SWIFT_VERSION = 5.0;
				TARGETED_DEVICE_FAMILY = "1,2";
				TEST_HOST = "$(BUILT_PRODUCTS_DIR)/Wellness.app/$(BUNDLE_EXECUTABLE_FOLDER_PATH)/Wellness";
			};
			name = Debug;
		};
		3AF4210A2DB1B20800E22D0D /* Release */ = {
			isa = XCBuildConfiguration;
			buildSettings = {
				BUNDLE_LOADER = "$(TEST_HOST)";
				CODE_SIGN_STYLE = Automatic;
				CURRENT_PROJECT_VERSION = 1;
				DEVELOPMENT_TEAM = WXZSN2D386;
				GENERATE_INFOPLIST_FILE = YES;
				IPHONEOS_DEPLOYMENT_TARGET = 18.4;
				MARKETING_VERSION = 1.0;
				PRODUCT_BUNDLE_IDENTIFIER = com.example.AA.WellnessTests;
				PRODUCT_NAME = "$(TARGET_NAME)";
				SWIFT_EMIT_LOC_STRINGS = NO;
				SWIFT_VERSION = 5.0;
				TARGETED_DEVICE_FAMILY = "1,2";
				TEST_HOST = "$(BUILT_PRODUCTS_DIR)/Wellness.app/$(BUNDLE_EXECUTABLE_FOLDER_PATH)/Wellness";
			};
			name = Release;
		};
		3AF4210C2DB1B20800E22D0D /* Debug */ = {
			isa = XCBuildConfiguration;
			buildSettings = {
				CODE_SIGN_STYLE = Automatic;
				CURRENT_PROJECT_VERSION = 1;
				DEVELOPMENT_TEAM = WXZSN2D386;
				GENERATE_INFOPLIST_FILE = YES;
				MARKETING_VERSION = 1.0;
				PRODUCT_BUNDLE_IDENTIFIER = com.example.AA.WellnessUITests;
				PRODUCT_NAME = "$(TARGET_NAME)";
				SWIFT_EMIT_LOC_STRINGS = NO;
				SWIFT_VERSION = 5.0;
				TARGETED_DEVICE_FAMILY = "1,2";
				TEST_TARGET_NAME = Wellness;
			};
			name = Debug;
		};
		3AF4210D2DB1B20800E22D0D /* Release */ = {
			isa = XCBuildConfiguration;
			buildSettings = {
				CODE_SIGN_STYLE = Automatic;
				CURRENT_PROJECT_VERSION = 1;
				DEVELOPMENT_TEAM = WXZSN2D386;
				GENERATE_INFOPLIST_FILE = YES;
				MARKETING_VERSION = 1.0;
				PRODUCT_BUNDLE_IDENTIFIER = com.example.AA.WellnessUITests;
				PRODUCT_NAME = "$(TARGET_NAME)";
				SWIFT_EMIT_LOC_STRINGS = NO;
				SWIFT_VERSION = 5.0;
				TARGETED_DEVICE_FAMILY = "1,2";
				TEST_TARGET_NAME = Wellness;
			};
			name = Release;
		};
/* End XCBuildConfiguration section */

/* Begin XCConfigurationList section */
		3AF420DF2DB1B20500E22D0D /* Build configuration list for PBXProject "Wellness" */ = {
			isa = XCConfigurationList;
			buildConfigurations = (
				3AF421032DB1B20800E22D0D /* Debug */,
				3AF421042DB1B20800E22D0D /* Release */,
			);
			defaultConfigurationIsVisible = 0;
			defaultConfigurationName = Release;
		};
		3AF421052DB1B20800E22D0D /* Build configuration list for PBXNativeTarget "Wellness" */ = {
			isa = XCConfigurationList;
			buildConfigurations = (
				3AF421062DB1B20800E22D0D /* Debug */,
				3AF421072DB1B20800E22D0D /* Release */,
			);
			defaultConfigurationIsVisible = 0;
			defaultConfigurationName = Release;
		};
		3AF421082DB1B20800E22D0D /* Build configuration list for PBXNativeTarget "WellnessTests" */ = {
			isa = XCConfigurationList;
			buildConfigurations = (
				3AF421092DB1B20800E22D0D /* Debug */,
				3AF4210A2DB1B20800E22D0D /* Release */,
			);
			defaultConfigurationIsVisible = 0;
			defaultConfigurationName = Release;
		};
		3AF4210B2DB1B20800E22D0D /* Build configuration list for PBXNativeTarget "WellnessUITests" */ = {
			isa = XCConfigurationList;
			buildConfigurations = (
				3AF4210C2DB1B20800E22D0D /* Debug */,
				3AF4210D2DB1B20800E22D0D /* Release */,
			);
			defaultConfigurationIsVisible = 0;
			defaultConfigurationName = Release;
		};
/* End XCConfigurationList section */

/* Begin XCRemoteSwiftPackageReference section */
		3A18B2FA2DB4048E0080A147 /* XCRemoteSwiftPackageReference "firebase-ios-sdk" */ = {
			isa = XCRemoteSwiftPackageReference;
			repositoryURL = "https://github.com/firebase/firebase-ios-sdk.git";
			requirement = {
				kind = upToNextMajorVersion;
				minimumVersion = 11.11.0;
			};
		};
/* End XCRemoteSwiftPackageReference section */

/* Begin XCSwiftPackageProductDependency section */
		3A18B2FB2DB4048E0080A147 /* FirebaseAuth */ = {
			isa = XCSwiftPackageProductDependency;
			package = 3A18B2FA2DB4048E0080A147 /* XCRemoteSwiftPackageReference "firebase-ios-sdk" */;
			productName = FirebaseAuth;
		};
		3A18B2FD2DB4048E0080A147 /* FirebaseAuthCombine-Community */ = {
			isa = XCSwiftPackageProductDependency;
			package = 3A18B2FA2DB4048E0080A147 /* XCRemoteSwiftPackageReference "firebase-ios-sdk" */;
			productName = "FirebaseAuthCombine-Community";
		};
		3A18B2FF2DB4278B0080A147 /* FirebaseFirestore */ = {
			isa = XCSwiftPackageProductDependency;
			package = 3A18B2FA2DB4048E0080A147 /* XCRemoteSwiftPackageReference "firebase-ios-sdk" */;
			productName = FirebaseFirestore;
		};
/* End XCSwiftPackageProductDependency section */
	};
	rootObject = 3AF420DC2DB1B20500E22D0D /* Project object */;
}
